// !$*UTF8*$!
{
	archiveVersion = 1;
	classes = {
	};
	objectVersion = 50;
	objects = {

/* Begin PBXBuildFile section */
		9CC9EDBC22561FC700AD8202 /* AppDelegate.swift in Sources */ = {isa = PBXBuildFile; fileRef = 9CC9EDBB22561FC700AD8202 /* AppDelegate.swift */; };
		9CC9EDBE22561FC700AD8202 /* ViewController.swift in Sources */ = {isa = PBXBuildFile; fileRef = 9CC9EDBD22561FC700AD8202 /* ViewController.swift */; };
		9CC9EDC122561FC700AD8202 /* Main.storyboard in Resources */ = {isa = PBXBuildFile; fileRef = 9CC9EDBF22561FC700AD8202 /* Main.storyboard */; };
		9CC9EDC322561FC700AD8202 /* Assets.xcassets in Resources */ = {isa = PBXBuildFile; fileRef = 9CC9EDC222561FC700AD8202 /* Assets.xcassets */; };
		9CC9EDC622561FC700AD8202 /* LaunchScreen.storyboard in Resources */ = {isa = PBXBuildFile; fileRef = 9CC9EDC422561FC700AD8202 /* LaunchScreen.storyboard */; };
		9CC9EE1022577E2400AD8202 /* CoreLocation.framework in Frameworks */ = {isa = PBXBuildFile; fileRef = 9CC9EE0F22577E2400AD8202 /* CoreLocation.framework */; };
		DB0AEC4719B40D4380F5430D /* Pods_Accel.framework in Frameworks */ = {isa = PBXBuildFile; fileRef = 5B8E07C85753631FA03DA89F /* Pods_Accel.framework */; };
/* End PBXBuildFile section */

/* Begin PBXFileReference section */
		4BECF6004A4039A60323F997 /* Pods-Accel.debug.xcconfig */ = {isa = PBXFileReference; includeInIndex = 1; lastKnownFileType = text.xcconfig; name = "Pods-Accel.debug.xcconfig"; path = "Target Support Files/Pods-Accel/Pods-Accel.debug.xcconfig"; sourceTree = "<group>"; };
		5B8E07C85753631FA03DA89F /* Pods_Accel.framework */ = {isa = PBXFileReference; explicitFileType = wrapper.framework; includeInIndex = 0; path = Pods_Accel.framework; sourceTree = BUILT_PRODUCTS_DIR; };
		9CC9EDB822561FC700AD8202 /* AccelWithUpload.app */ = {isa = PBXFileReference; explicitFileType = wrapper.application; includeInIndex = 0; path = AccelWithUpload.app; sourceTree = BUILT_PRODUCTS_DIR; };
		9CC9EDBB22561FC700AD8202 /* AppDelegate.swift */ = {isa = PBXFileReference; lastKnownFileType = sourcecode.swift; path = AppDelegate.swift; sourceTree = "<group>"; };
		9CC9EDBD22561FC700AD8202 /* ViewController.swift */ = {isa = PBXFileReference; lastKnownFileType = sourcecode.swift; path = ViewController.swift; sourceTree = "<group>"; };
		9CC9EDC022561FC700AD8202 /* Base */ = {isa = PBXFileReference; lastKnownFileType = file.storyboard; name = Base; path = Base.lproj/Main.storyboard; sourceTree = "<group>"; };
		9CC9EDC222561FC700AD8202 /* Assets.xcassets */ = {isa = PBXFileReference; lastKnownFileType = folder.assetcatalog; path = Assets.xcassets; sourceTree = "<group>"; };
		9CC9EDC522561FC700AD8202 /* Base */ = {isa = PBXFileReference; lastKnownFileType = file.storyboard; name = Base; path = Base.lproj/LaunchScreen.storyboard; sourceTree = "<group>"; };
		9CC9EDC722561FC700AD8202 /* Info.plist */ = {isa = PBXFileReference; lastKnownFileType = text.plist.xml; path = Info.plist; sourceTree = "<group>"; };
		9CC9EE0F22577E2400AD8202 /* CoreLocation.framework */ = {isa = PBXFileReference; lastKnownFileType = wrapper.framework; name = CoreLocation.framework; path = System/Library/Frameworks/CoreLocation.framework; sourceTree = SDKROOT; };
		E6B9FB371C4E1B7A23975E77 /* Pods-Accel.release.xcconfig */ = {isa = PBXFileReference; includeInIndex = 1; lastKnownFileType = text.xcconfig; name = "Pods-Accel.release.xcconfig"; path = "Target Support Files/Pods-Accel/Pods-Accel.release.xcconfig"; sourceTree = "<group>"; };
/* End PBXFileReference section */

/* Begin PBXFrameworksBuildPhase section */
		9CC9EDB522561FC700AD8202 /* Frameworks */ = {
			isa = PBXFrameworksBuildPhase;
			buildActionMask = 2147483647;
			files = (
				9CC9EE1022577E2400AD8202 /* CoreLocation.framework in Frameworks */,
				DB0AEC4719B40D4380F5430D /* Pods_Accel.framework in Frameworks */,
			);
			runOnlyForDeploymentPostprocessing = 0;
		};
/* End PBXFrameworksBuildPhase section */

/* Begin PBXGroup section */
		9CC9EDAF22561FC700AD8202 = {
			isa = PBXGroup;
			children = (
				9CC9EDBA22561FC700AD8202 /* Accel */,
				9CC9EDB922561FC700AD8202 /* Products */,
				9CC9EE0E22577E2400AD8202 /* Frameworks */,
				CE9FC535D84E36A89AAD9AB6 /* Pods */,
			);
			sourceTree = "<group>";
		};
		9CC9EDB922561FC700AD8202 /* Products */ = {
			isa = PBXGroup;
			children = (
				9CC9EDB822561FC700AD8202 /* AccelWithUpload.app */,
			);
			name = Products;
			sourceTree = "<group>";
		};
		9CC9EDBA22561FC700AD8202 /* Accel */ = {
			isa = PBXGroup;
			children = (
				9CC9EDBB22561FC700AD8202 /* AppDelegate.swift */,
				9CC9EDBD22561FC700AD8202 /* ViewController.swift */,
				9CC9EDBF22561FC700AD8202 /* Main.storyboard */,
				9CC9EDC222561FC700AD8202 /* Assets.xcassets */,
				9CC9EDC422561FC700AD8202 /* LaunchScreen.storyboard */,
				9CC9EDC722561FC700AD8202 /* Info.plist */,
			);
			path = Accel;
			sourceTree = "<group>";
		};
		9CC9EE0E22577E2400AD8202 /* Frameworks */ = {
			isa = PBXGroup;
			children = (
				9CC9EE0F22577E2400AD8202 /* CoreLocation.framework */,
				5B8E07C85753631FA03DA89F /* Pods_Accel.framework */,
			);
			name = Frameworks;
			sourceTree = "<group>";
		};
		CE9FC535D84E36A89AAD9AB6 /* Pods */ = {
			isa = PBXGroup;
			children = (
				4BECF6004A4039A60323F997 /* Pods-Accel.debug.xcconfig */,
				E6B9FB371C4E1B7A23975E77 /* Pods-Accel.release.xcconfig */,
			);
			path = Pods;
			sourceTree = "<group>";
		};
/* End PBXGroup section */

/* Begin PBXNativeTarget section */
		9CC9EDB722561FC700AD8202 /* AccelWithUpload */ = {
			isa = PBXNativeTarget;
			buildConfigurationList = 9CC9EDCA22561FC700AD8202 /* Build configuration list for PBXNativeTarget "AccelWithUpload" */;
			buildPhases = (
				8EBAF6E70FDFD0D1B363C01C /* [CP] Check Pods Manifest.lock */,
				9CC9EDB422561FC700AD8202 /* Sources */,
				9CC9EDB522561FC700AD8202 /* Frameworks */,
				9CC9EDB622561FC700AD8202 /* Resources */,
				9027809159049C27CA8B8DD7 /* [CP] Embed Pods Frameworks */,
			);
			buildRules = (
			);
			dependencies = (
			);
			name = AccelWithUpload;
			productName = Accel;
			productReference = 9CC9EDB822561FC700AD8202 /* AccelWithUpload.app */;
			productType = "com.apple.product-type.application";
		};
/* End PBXNativeTarget section */

/* Begin PBXProject section */
		9CC9EDB022561FC700AD8202 /* Project object */ = {
			isa = PBXProject;
			attributes = {
				LastSwiftUpdateCheck = 1020;
				LastUpgradeCheck = 1020;
				ORGANIZATIONNAME = "Aneesh Jain ";
				TargetAttributes = {
					9CC9EDB722561FC700AD8202 = {
						CreatedOnToolsVersion = 10.2;
					};
				};
			};
			buildConfigurationList = 9CC9EDB322561FC700AD8202 /* Build configuration list for PBXProject "AccelWithUpload" */;
			compatibilityVersion = "Xcode 9.3";
			developmentRegion = en;
			hasScannedForEncodings = 0;
			knownRegions = (
				en,
				Base,
			);
			mainGroup = 9CC9EDAF22561FC700AD8202;
			productRefGroup = 9CC9EDB922561FC700AD8202 /* Products */;
			projectDirPath = "";
			projectRoot = "";
			targets = (
				9CC9EDB722561FC700AD8202 /* AccelWithUpload */,
			);
		};
/* End PBXProject section */

/* Begin PBXResourcesBuildPhase section */
		9CC9EDB622561FC700AD8202 /* Resources */ = {
			isa = PBXResourcesBuildPhase;
			buildActionMask = 2147483647;
			files = (
				9CC9EDC622561FC700AD8202 /* LaunchScreen.storyboard in Resources */,
				9CC9EDC322561FC700AD8202 /* Assets.xcassets in Resources */,
				9CC9EDC122561FC700AD8202 /* Main.storyboard in Resources */,
			);
			runOnlyForDeploymentPostprocessing = 0;
		};
/* End PBXResourcesBuildPhase section */

/* Begin PBXShellScriptBuildPhase section */
		8EBAF6E70FDFD0D1B363C01C /* [CP] Check Pods Manifest.lock */ = {
			isa = PBXShellScriptBuildPhase;
			buildActionMask = 2147483647;
			files = (
			);
			inputFileListPaths = (
			);
			inputPaths = (
				"${PODS_PODFILE_DIR_PATH}/Podfile.lock",
				"${PODS_ROOT}/Manifest.lock",
			);
			name = "[CP] Check Pods Manifest.lock";
			outputFileListPaths = (
			);
			outputPaths = (
				"$(DERIVED_FILE_DIR)/Pods-Accel-checkManifestLockResult.txt",
			);
			runOnlyForDeploymentPostprocessing = 0;
			shellPath = /bin/sh;
			shellScript = "diff \"${PODS_PODFILE_DIR_PATH}/Podfile.lock\" \"${PODS_ROOT}/Manifest.lock\" > /dev/null\nif [ $? != 0 ] ; then\n    # print error to STDERR\n    echo \"error: The sandbox is not in sync with the Podfile.lock. Run 'pod install' or update your CocoaPods installation.\" >&2\n    exit 1\nfi\n# This output is used by Xcode 'outputs' to avoid re-running this script phase.\necho \"SUCCESS\" > \"${SCRIPT_OUTPUT_FILE_0}\"\n";
			showEnvVarsInLog = 0;
		};
		9027809159049C27CA8B8DD7 /* [CP] Embed Pods Frameworks */ = {
			isa = PBXShellScriptBuildPhase;
			buildActionMask = 2147483647;
			files = (
			);
			inputFileListPaths = (
			);
			inputPaths = (
				"${PODS_ROOT}/Target Support Files/Pods-Accel/Pods-Accel-frameworks.sh",
				"${BUILT_PRODUCTS_DIR}/AWSCognito/AWSCognito.framework",
				"${BUILT_PRODUCTS_DIR}/AWSCore/AWSCore.framework",
				"${BUILT_PRODUCTS_DIR}/AWSS3/AWSS3.framework",
			);
			name = "[CP] Embed Pods Frameworks";
			outputFileListPaths = (
			);
			outputPaths = (
				"${TARGET_BUILD_DIR}/${FRAMEWORKS_FOLDER_PATH}/AWSCognito.framework",
				"${TARGET_BUILD_DIR}/${FRAMEWORKS_FOLDER_PATH}/AWSCore.framework",
				"${TARGET_BUILD_DIR}/${FRAMEWORKS_FOLDER_PATH}/AWSS3.framework",
			);
			runOnlyForDeploymentPostprocessing = 0;
			shellPath = /bin/sh;
			shellScript = "\"${PODS_ROOT}/Target Support Files/Pods-Accel/Pods-Accel-frameworks.sh\"\n";
			showEnvVarsInLog = 0;
		};
/* End PBXShellScriptBuildPhase section */

/* Begin PBXSourcesBuildPhase section */
		9CC9EDB422561FC700AD8202 /* Sources */ = {
			isa = PBXSourcesBuildPhase;
			buildActionMask = 2147483647;
			files = (
				9CC9EDBE22561FC700AD8202 /* ViewController.swift in Sources */,
				9CC9EDBC22561FC700AD8202 /* AppDelegate.swift in Sources */,
			);
			runOnlyForDeploymentPostprocessing = 0;
		};
/* End PBXSourcesBuildPhase section */

/* Begin PBXVariantGroup section */
		9CC9EDBF22561FC700AD8202 /* Main.storyboard */ = {
			isa = PBXVariantGroup;
			children = (
				9CC9EDC022561FC700AD8202 /* Base */,
			);
			name = Main.storyboard;
			sourceTree = "<group>";
		};
		9CC9EDC422561FC700AD8202 /* LaunchScreen.storyboard */ = {
			isa = PBXVariantGroup;
			children = (
				9CC9EDC522561FC700AD8202 /* Base */,
			);
			name = LaunchScreen.storyboard;
			sourceTree = "<group>";
		};
/* End PBXVariantGroup section */

/* Begin XCBuildConfiguration section */
		9CC9EDC822561FC700AD8202 /* Debug */ = {
			isa = XCBuildConfiguration;
			buildSettings = {
				ALWAYS_SEARCH_USER_PATHS = NO;
				CLANG_ANALYZER_NONNULL = YES;
				CLANG_ANALYZER_NUMBER_OBJECT_CONVERSION = YES_AGGRESSIVE;
				CLANG_CXX_LANGUAGE_STANDARD = "gnu++14";
				CLANG_CXX_LIBRARY = "libc++";
				CLANG_ENABLE_MODULES = YES;
				CLANG_ENABLE_OBJC_ARC = YES;
				CLANG_ENABLE_OBJC_WEAK = YES;
				CLANG_WARN_BLOCK_CAPTURE_AUTORELEASING = YES;
				CLANG_WARN_BOOL_CONVERSION = YES;
				CLANG_WARN_COMMA = YES;
				CLANG_WARN_CONSTANT_CONVERSION = YES;
				CLANG_WARN_DEPRECATED_OBJC_IMPLEMENTATIONS = YES;
				CLANG_WARN_DIRECT_OBJC_ISA_USAGE = YES_ERROR;
				CLANG_WARN_DOCUMENTATION_COMMENTS = YES;
				CLANG_WARN_EMPTY_BODY = YES;
				CLANG_WARN_ENUM_CONVERSION = YES;
				CLANG_WARN_INFINITE_RECURSION = YES;
				CLANG_WARN_INT_CONVERSION = YES;
				CLANG_WARN_NON_LITERAL_NULL_CONVERSION = YES;
				CLANG_WARN_OBJC_IMPLICIT_RETAIN_SELF = YES;
				CLANG_WARN_OBJC_LITERAL_CONVERSION = YES;
				CLANG_WARN_OBJC_ROOT_CLASS = YES_ERROR;
				CLANG_WARN_RANGE_LOOP_ANALYSIS = YES;
				CLANG_WARN_STRICT_PROTOTYPES = YES;
				CLANG_WARN_SUSPICIOUS_MOVE = YES;
				CLANG_WARN_UNGUARDED_AVAILABILITY = YES_AGGRESSIVE;
				CLANG_WARN_UNREACHABLE_CODE = YES;
				CLANG_WARN__DUPLICATE_METHOD_MATCH = YES;
				CODE_SIGN_IDENTITY = "iPhone Developer";
				COPY_PHASE_STRIP = NO;
				DEBUG_INFORMATION_FORMAT = dwarf;
				ENABLE_STRICT_OBJC_MSGSEND = YES;
				ENABLE_TESTABILITY = YES;
				GCC_C_LANGUAGE_STANDARD = gnu11;
				GCC_DYNAMIC_NO_PIC = NO;
				GCC_NO_COMMON_BLOCKS = YES;
				GCC_OPTIMIZATION_LEVEL = 0;
				GCC_PREPROCESSOR_DEFINITIONS = (
					"DEBUG=1",
					"$(inherited)",
				);
				GCC_WARN_64_TO_32_BIT_CONVERSION = YES;
				GCC_WARN_ABOUT_RETURN_TYPE = YES_ERROR;
				GCC_WARN_UNDECLARED_SELECTOR = YES;
				GCC_WARN_UNINITIALIZED_AUTOS = YES_AGGRESSIVE;
				GCC_WARN_UNUSED_FUNCTION = YES;
				GCC_WARN_UNUSED_VARIABLE = YES;
				IPHONEOS_DEPLOYMENT_TARGET = 12.2;
				MTL_ENABLE_DEBUG_INFO = INCLUDE_SOURCE;
				MTL_FAST_MATH = YES;
				ONLY_ACTIVE_ARCH = YES;
				SDKROOT = iphoneos;
				SWIFT_ACTIVE_COMPILATION_CONDITIONS = DEBUG;
				SWIFT_OPTIMIZATION_LEVEL = "-Onone";
			};
			name = Debug;
		};
		9CC9EDC922561FC700AD8202 /* Release */ = {
			isa = XCBuildConfiguration;
			buildSettings = {
				ALWAYS_SEARCH_USER_PATHS = NO;
				CLANG_ANALYZER_NONNULL = YES;
				CLANG_ANALYZER_NUMBER_OBJECT_CONVERSION = YES_AGGRESSIVE;
				CLANG_CXX_LANGUAGE_STANDARD = "gnu++14";
				CLANG_CXX_LIBRARY = "libc++";
				CLANG_ENABLE_MODULES = YES;
				CLANG_ENABLE_OBJC_ARC = YES;
				CLANG_ENABLE_OBJC_WEAK = YES;
				CLANG_WARN_BLOCK_CAPTURE_AUTORELEASING = YES;
				CLANG_WARN_BOOL_CONVERSION = YES;
				CLANG_WARN_COMMA = YES;
				CLANG_WARN_CONSTANT_CONVERSION = YES;
				CLANG_WARN_DEPRECATED_OBJC_IMPLEMENTATIONS = YES;
				CLANG_WARN_DIRECT_OBJC_ISA_USAGE = YES_ERROR;
				CLANG_WARN_DOCUMENTATION_COMMENTS = YES;
				CLANG_WARN_EMPTY_BODY = YES;
				CLANG_WARN_ENUM_CONVERSION = YES;
				CLANG_WARN_INFINITE_RECURSION = YES;
				CLANG_WARN_INT_CONVERSION = YES;
				CLANG_WARN_NON_LITERAL_NULL_CONVERSION = YES;
				CLANG_WARN_OBJC_IMPLICIT_RETAIN_SELF = YES;
				CLANG_WARN_OBJC_LITERAL_CONVERSION = YES;
				CLANG_WARN_OBJC_ROOT_CLASS = YES_ERROR;
				CLANG_WARN_RANGE_LOOP_ANALYSIS = YES;
				CLANG_WARN_STRICT_PROTOTYPES = YES;
				CLANG_WARN_SUSPICIOUS_MOVE = YES;
				CLANG_WARN_UNGUARDED_AVAILABILITY = YES_AGGRESSIVE;
				CLANG_WARN_UNREACHABLE_CODE = YES;
				CLANG_WARN__DUPLICATE_METHOD_MATCH = YES;
				CODE_SIGN_IDENTITY = "iPhone Developer";
				COPY_PHASE_STRIP = NO;
				DEBUG_INFORMATION_FORMAT = "dwarf-with-dsym";
				ENABLE_NS_ASSERTIONS = NO;
				ENABLE_STRICT_OBJC_MSGSEND = YES;
				GCC_C_LANGUAGE_STANDARD = gnu11;
				GCC_NO_COMMON_BLOCKS = YES;
				GCC_WARN_64_TO_32_BIT_CONVERSION = YES;
				GCC_WARN_ABOUT_RETURN_TYPE = YES_ERROR;
				GCC_WARN_UNDECLARED_SELECTOR = YES;
				GCC_WARN_UNINITIALIZED_AUTOS = YES_AGGRESSIVE;
				GCC_WARN_UNUSED_FUNCTION = YES;
				GCC_WARN_UNUSED_VARIABLE = YES;
				IPHONEOS_DEPLOYMENT_TARGET = 12.2;
				MTL_ENABLE_DEBUG_INFO = NO;
				MTL_FAST_MATH = YES;
				SDKROOT = iphoneos;
				SWIFT_COMPILATION_MODE = wholemodule;
				SWIFT_OPTIMIZATION_LEVEL = "-O";
				VALIDATE_PRODUCT = YES;
			};
			name = Release;
		};
		9CC9EDCB22561FC700AD8202 /* Debug */ = {
			isa = XCBuildConfiguration;
			baseConfigurationReference = 4BECF6004A4039A60323F997 /* Pods-Accel.debug.xcconfig */;
			buildSettings = {
				ASSETCATALOG_COMPILER_APPICON_NAME = AppIcon;
				CODE_SIGN_STYLE = Automatic;
				DEVELOPMENT_TEAM = 4Z56S5V93V;
				INFOPLIST_FILE = Accel/Info.plist;
				IPHONEOS_DEPLOYMENT_TARGET = 12.1;
				LD_RUNPATH_SEARCH_PATHS = (
					"$(inherited)",
					"@executable_path/Frameworks",
				);
				PRODUCT_BUNDLE_IDENTIFIER = com.aneesh.AccelWithUpload;
				PRODUCT_NAME = "$(TARGET_NAME)";
				SWIFT_VERSION = 5.0;
				TARGETED_DEVICE_FAMILY = "1,2";
			};
			name = Debug;
		};
		9CC9EDCC22561FC700AD8202 /* Release */ = {
			isa = XCBuildConfiguration;
			baseConfigurationReference = E6B9FB371C4E1B7A23975E77 /* Pods-Accel.release.xcconfig */;
			buildSettings = {
				ASSETCATALOG_COMPILER_APPICON_NAME = AppIcon;
				CODE_SIGN_STYLE = Automatic;
				DEVELOPMENT_TEAM = 4Z56S5V93V;
				INFOPLIST_FILE = Accel/Info.plist;
				IPHONEOS_DEPLOYMENT_TARGET = 12.1;
				LD_RUNPATH_SEARCH_PATHS = (
					"$(inherited)",
					"@executable_path/Frameworks",
				);
				PRODUCT_BUNDLE_IDENTIFIER = com.aneesh.AccelWithUpload;
				PRODUCT_NAME = "$(TARGET_NAME)";
				SWIFT_VERSION = 5.0;
				TARGETED_DEVICE_FAMILY = "1,2";
			};
			name = Release;
		};
/* End XCBuildConfiguration section */

/* Begin XCConfigurationList section */
		9CC9EDB322561FC700AD8202 /* Build configuration list for PBXProject "AccelWithUpload" */ = {
			isa = XCConfigurationList;
			buildConfigurations = (
				9CC9EDC822561FC700AD8202 /* Debug */,
				9CC9EDC922561FC700AD8202 /* Release */,
			);
			defaultConfigurationIsVisible = 0;
			defaultConfigurationName = Release;
		};
		9CC9EDCA22561FC700AD8202 /* Build configuration list for PBXNativeTarget "AccelWithUpload" */ = {
			isa = XCConfigurationList;
			buildConfigurations = (
				9CC9EDCB22561FC700AD8202 /* Debug */,
				9CC9EDCC22561FC700AD8202 /* Release */,
			);
			defaultConfigurationIsVisible = 0;
			defaultConfigurationName = Release;
		};
/* End XCConfigurationList section */
	};
	rootObject = 9CC9EDB022561FC700AD8202 /* Project object */;
}
